
Microsoft Visual Studio Solution File, Format Version 12.00
# Visual Studio Version 16
VisualStudioVersion = 16.0.30503.244
MinimumVisualStudioVersion = 10.0.40219.1
Project("{FAE04EC0-301F-11D3-BF4B-00C04F79EFBC}") = "EmployeeWagesUC4", "EmployeeWagesUC4\EmployeeWagesUC4.csproj", "{6C9D05AD-AFC3-4D2F-8746-293896B32F3F}"
EndProject
Global
	GlobalSection(SolutionConfigurationPlatforms) = preSolution
		Debug|Any CPU = Debug|Any CPU
		Release|Any CPU = Release|Any CPU
	EndGlobalSection
	GlobalSection(ProjectConfigurationPlatforms) = postSolution
		{6C9D05AD-AFC3-4D2F-8746-293896B32F3F}.Debug|Any CPU.ActiveCfg = Debug|Any CPU
		{6C9D05AD-AFC3-4D2F-8746-293896B32F3F}.Debug|Any CPU.Build.0 = Debug|Any CPU
		{6C9D05AD-AFC3-4D2F-8746-293896B32F3F}.Release|Any CPU.ActiveCfg = Release|Any CPU
		{6C9D05AD-AFC3-4D2F-8746-293896B32F3F}.Release|Any CPU.Build.0 = Release|Any CPU
	EndGlobalSection
	GlobalSection(SolutionProperties) = preSolution
		HideSolutionNode = FALSE
	EndGlobalSection
	GlobalSection(ExtensibilityGlobals) = postSolution
		SolutionGuid = {BBE12FE5-550F-407D-BF23-5DFEEC630AE5}
	EndGlobalSection
EndGlobal
